# THIS IS AN AUTOGENERATED FILE. DO NOT EDIT THIS FILE DIRECTLY.
# yarn lockfile v1


stats.js@^0.17.0:
  version "0.17.0"
  resolved "https://registry.npm.taobao.org/stats.js/download/stats.js-0.17.0.tgz#b1c3dc46d94498b578b7fd3985b81ace7131cc7d"
  integrity sha1-scPcRtlEmLV4t/05hbgaznExzH0=

three@^0.121.1:
  version "0.121.1"
  resolved "https://registry.npm.taobao.org/three/download/three-0.121.1.tgz#fda39cf4701d02be9c3be5c27ccea24b7a1ea59b"
  integrity sha1-/aOc9HAdAr6cO+XCfM6iS3oepZs=
